// !$*UTF8*$!
{
	archiveVersion = 1;
	classes = {
	};
	objectVersion = 46;
	objects = {

/* Begin PBXBuildFile section */
		193FFDCB19E9205D00CFA58A /* Foundation.framework in Frameworks */ = {isa = PBXBuildFile; fileRef = 193FFDCA19E9205D00CFA58A /* Foundation.framework */; };
		193FFDCD19E9205D00CFA58A /* CoreGraphics.framework in Frameworks */ = {isa = PBXBuildFile; fileRef = 193FFDCC19E9205D00CFA58A /* CoreGraphics.framework */; };
		193FFDCF19E9205D00CFA58A /* UIKit.framework in Frameworks */ = {isa = PBXBuildFile; fileRef = 193FFDCE19E9205D00CFA58A /* UIKit.framework */; };
		193FFDD519E9205D00CFA58A /* InfoPlist.strings in Resources */ = {isa = PBXBuildFile; fileRef = 193FFDD319E9205D00CFA58A /* InfoPlist.strings */; };
		193FFDD719E9205D00CFA58A /* main.m in Sources */ = {isa = PBXBuildFile; fileRef = 193FFDD619E9205D00CFA58A /* main.m */; };
		193FFDDB19E9205D00CFA58A /* AppDelegate.m in Sources */ = {isa = PBXBuildFile; fileRef = 193FFDDA19E9205D00CFA58A /* AppDelegate.m */; };
		193FFDDE19E9205D00CFA58A /* Main.storyboard in Resources */ = {isa = PBXBuildFile; fileRef = 193FFDDC19E9205D00CFA58A /* Main.storyboard */; };
		193FFDE119E9205D00CFA58A /* ViewController.m in Sources */ = {isa = PBXBuildFile; fileRef = 193FFDE019E9205D00CFA58A /* ViewController.m */; };
		193FFDE319E9205D00CFA58A /* Images.xcassets in Resources */ = {isa = PBXBuildFile; fileRef = 193FFDE219E9205D00CFA58A /* Images.xcassets */; };
		193FFDEA19E9205D00CFA58A /* XCTest.framework in Frameworks */ = {isa = PBXBuildFile; fileRef = 193FFDE919E9205D00CFA58A /* XCTest.framework */; };
		193FFDEB19E9205D00CFA58A /* Foundation.framework in Frameworks */ = {isa = PBXBuildFile; fileRef = 193FFDCA19E9205D00CFA58A /* Foundation.framework */; };
		193FFDEC19E9205D00CFA58A /* UIKit.framework in Frameworks */ = {isa = PBXBuildFile; fileRef = 193FFDCE19E9205D00CFA58A /* UIKit.framework */; };
		193FFDF419E9205E00CFA58A /* InfoPlist.strings in Resources */ = {isa = PBXBuildFile; fileRef = 193FFDF219E9205E00CFA58A /* InfoPlist.strings */; };
		193FFDF619E9205E00CFA58A /* gitAppSubmitTests.m in Sources */ = {isa = PBXBuildFile; fileRef = 193FFDF519E9205E00CFA58A /* gitAppSubmitTests.m */; };
/* End PBXBuildFile section */

/* Begin PBXContainerItemProxy section */
		193FFDED19E9205D00CFA58A /* PBXContainerItemProxy */ = {
			isa = PBXContainerItemProxy;
			containerPortal = 193FFDBF19E9205D00CFA58A /* Project object */;
			proxyType = 1;
			remoteGlobalIDString = 193FFDC619E9205D00CFA58A;
			remoteInfo = gitAppSubmit;
		};
/* End PBXContainerItemProxy section */

/* Begin PBXFileReference section */
		193FFDC719E9205D00CFA58A /* gitAppSubmit.app */ = {isa = PBXFileReference; explicitFileType = wrapper.application; includeInIndex = 0; path = gitAppSubmit.app; sourceTree = BUILT_PRODUCTS_DIR; };
		193FFDCA19E9205D00CFA58A /* Foundation.framework */ = {isa = PBXFileReference; lastKnownFileType = wrapper.framework; name = Foundation.framework; path = System/Library/Frameworks/Foundation.framework; sourceTree = SDKROOT; };
		193FFDCC19E9205D00CFA58A /* CoreGraphics.framework */ = {isa = PBXFileReference; lastKnownFileType = wrapper.framework; name = CoreGraphics.framework; path = System/Library/Frameworks/CoreGraphics.framework; sourceTree = SDKROOT; };
		193FFDCE19E9205D00CFA58A /* UIKit.framework */ = {isa = PBXFileReference; lastKnownFileType = wrapper.framework; name = UIKit.framework; path = System/Library/Frameworks/UIKit.framework; sourceTree = SDKROOT; };
		193FFDD219E9205D00CFA58A /* gitAppSubmit-Info.plist */ = {isa = PBXFileReference; lastKnownFileType = text.plist.xml; path = "gitAppSubmit-Info.plist"; sourceTree = "<group>"; };
		193FFDD419E9205D00CFA58A /* en */ = {isa = PBXFileReference; lastKnownFileType = text.plist.strings; name = en; path = en.lproj/InfoPlist.strings; sourceTree = "<group>"; };
		193FFDD619E9205D00CFA58A /* main.m */ = {isa = PBXFileReference; lastKnownFileType = sourcecode.c.objc; path = main.m; sourceTree = "<group>"; };
		193FFDD819E9205D00CFA58A /* gitAppSubmit-Prefix.pch */ = {isa = PBXFileReference; lastKnownFileType = sourcecode.c.h; path = "gitAppSubmit-Prefix.pch"; sourceTree = "<group>"; };
		193FFDD919E9205D00CFA58A /* AppDelegate.h */ = {isa = PBXFileReference; lastKnownFileType = sourcecode.c.h; path = AppDelegate.h; sourceTree = "<group>"; };
		193FFDDA19E9205D00CFA58A /* AppDelegate.m */ = {isa = PBXFileReference; lastKnownFileType = sourcecode.c.objc; path = AppDelegate.m; sourceTree = "<group>"; };
		193FFDDD19E9205D00CFA58A /* Base */ = {isa = PBXFileReference; lastKnownFileType = file.storyboard; name = Base; path = Base.lproj/Main.storyboard; sourceTree = "<group>"; };
		193FFDDF19E9205D00CFA58A /* ViewController.h */ = {isa = PBXFileReference; lastKnownFileType = sourcecode.c.h; path = ViewController.h; sourceTree = "<group>"; };
		193FFDE019E9205D00CFA58A /* ViewController.m */ = {isa = PBXFileReference; lastKnownFileType = sourcecode.c.objc; path = ViewController.m; sourceTree = "<group>"; };
		193FFDE219E9205D00CFA58A /* Images.xcassets */ = {isa = PBXFileReference; lastKnownFileType = folder.assetcatalog; path = Images.xcassets; sourceTree = "<group>"; };
		193FFDE819E9205D00CFA58A /* gitAppSubmitTests.xctest */ = {isa = PBXFileReference; explicitFileType = wrapper.cfbundle; includeInIndex = 0; path = gitAppSubmitTests.xctest; sourceTree = BUILT_PRODUCTS_DIR; };
		193FFDE919E9205D00CFA58A /* XCTest.framework */ = {isa = PBXFileReference; lastKnownFileType = wrapper.framework; name = XCTest.framework; path = Library/Frameworks/XCTest.framework; sourceTree = DEVELOPER_DIR; };
		193FFDF119E9205D00CFA58A /* gitAppSubmitTests-Info.plist */ = {isa = PBXFileReference; lastKnownFileType = text.plist.xml; path = "gitAppSubmitTests-Info.plist"; sourceTree = "<group>"; };
		193FFDF319E9205E00CFA58A /* en */ = {isa = PBXFileReference; lastKnownFileType = text.plist.strings; name = en; path = en.lproj/InfoPlist.strings; sourceTree = "<group>"; };
		193FFDF519E9205E00CFA58A /* gitAppSubmitTests.m */ = {isa = PBXFileReference; lastKnownFileType = sourcecode.c.objc; path = gitAppSubmitTests.m; sourceTree = "<group>"; };
/* End PBXFileReference section */

/* Begin PBXFrameworksBuildPhase section */
		193FFDC419E9205D00CFA58A /* Frameworks */ = {
			isa = PBXFrameworksBuildPhase;
			buildActionMask = 2147483647;
			files = (
				193FFDCD19E9205D00CFA58A /* CoreGraphics.framework in Frameworks */,
				193FFDCF19E9205D00CFA58A /* UIKit.framework in Frameworks */,
				193FFDCB19E9205D00CFA58A /* Foundation.framework in Frameworks */,
			);
			runOnlyForDeploymentPostprocessing = 0;
		};
		193FFDE519E9205D00CFA58A /* Frameworks */ = {
			isa = PBXFrameworksBuildPhase;
			buildActionMask = 2147483647;
			files = (
				193FFDEA19E9205D00CFA58A /* XCTest.framework in Frameworks */,
				193FFDEC19E9205D00CFA58A /* UIKit.framework in Frameworks */,
				193FFDEB19E9205D00CFA58A /* Foundation.framework in Frameworks */,
			);
			runOnlyForDeploymentPostprocessing = 0;
		};
/* End PBXFrameworksBuildPhase section */

/* Begin PBXGroup section */
		193FFDBE19E9205D00CFA58A = {
			isa = PBXGroup;
			children = (
				193FFDD019E9205D00CFA58A /* gitAppSubmit */,
				193FFDEF19E9205D00CFA58A /* gitAppSubmitTests */,
				193FFDC919E9205D00CFA58A /* Frameworks */,
				193FFDC819E9205D00CFA58A /* Products */,
			);
			sourceTree = "<group>";
		};
		193FFDC819E9205D00CFA58A /* Products */ = {
			isa = PBXGroup;
			children = (
				193FFDC719E9205D00CFA58A /* gitAppSubmit.app */,
				193FFDE819E9205D00CFA58A /* gitAppSubmitTests.xctest */,
			);
			name = Products;
			sourceTree = "<group>";
		};
		193FFDC919E9205D00CFA58A /* Frameworks */ = {
			isa = PBXGroup;
			children = (
				193FFDCA19E9205D00CFA58A /* Foundation.framework */,
				193FFDCC19E9205D00CFA58A /* CoreGraphics.framework */,
				193FFDCE19E9205D00CFA58A /* UIKit.framework */,
				193FFDE919E9205D00CFA58A /* XCTest.framework */,
			);
			name = Frameworks;
			sourceTree = "<group>";
		};
		193FFDD019E9205D00CFA58A /* gitAppSubmit */ = {
			isa = PBXGroup;
			children = (
				193FFDD919E9205D00CFA58A /* AppDelegate.h */,
				193FFDDA19E9205D00CFA58A /* AppDelegate.m */,
				193FFDDC19E9205D00CFA58A /* Main.storyboard */,
				193FFDDF19E9205D00CFA58A /* ViewController.h */,
				193FFDE019E9205D00CFA58A /* ViewController.m */,
				193FFDE219E9205D00CFA58A /* Images.xcassets */,
				193FFDD119E9205D00CFA58A /* Supporting Files */,
			);
			path = gitAppSubmit;
			sourceTree = "<group>";
		};
		193FFDD119E9205D00CFA58A /* Supporting Files */ = {
			isa = PBXGroup;
			children = (
				193FFDD219E9205D00CFA58A /* gitAppSubmit-Info.plist */,
				193FFDD319E9205D00CFA58A /* InfoPlist.strings */,
				193FFDD619E9205D00CFA58A /* main.m */,
				193FFDD819E9205D00CFA58A /* gitAppSubmit-Prefix.pch */,
			);
			name = "Supporting Files";
			sourceTree = "<group>";
		};
		193FFDEF19E9205D00CFA58A /* gitAppSubmitTests */ = {
			isa = PBXGroup;
			children = (
				193FFDF519E9205E00CFA58A /* gitAppSubmitTests.m */,
				193FFDF019E9205D00CFA58A /* Supporting Files */,
			);
			path = gitAppSubmitTests;
			sourceTree = "<group>";
		};
		193FFDF019E9205D00CFA58A /* Supporting Files */ = {
			isa = PBXGroup;
			children = (
				193FFDF119E9205D00CFA58A /* gitAppSubmitTests-Info.plist */,
				193FFDF219E9205E00CFA58A /* InfoPlist.strings */,
			);
			name = "Supporting Files";
			sourceTree = "<group>";
		};
/* End PBXGroup section */

/* Begin PBXNativeTarget section */
		193FFDC619E9205D00CFA58A /* gitAppSubmit */ = {
			isa = PBXNativeTarget;
			buildConfigurationList = 193FFDF919E9205E00CFA58A /* Build configuration list for PBXNativeTarget "gitAppSubmit" */;
			buildPhases = (
				193FFDC319E9205D00CFA58A /* Sources */,
				193FFDC419E9205D00CFA58A /* Frameworks */,
				193FFDC519E9205D00CFA58A /* Resources */,
			);
			buildRules = (
			);
			dependencies = (
			);
			name = gitAppSubmit;
			productName = gitAppSubmit;
			productReference = 193FFDC719E9205D00CFA58A /* gitAppSubmit.app */;
			productType = "com.apple.product-type.application";
		};
		193FFDE719E9205D00CFA58A /* gitAppSubmitTests */ = {
			isa = PBXNativeTarget;
			buildConfigurationList = 193FFDFC19E9205E00CFA58A /* Build configuration list for PBXNativeTarget "gitAppSubmitTests" */;
			buildPhases = (
				193FFDE419E9205D00CFA58A /* Sources */,
				193FFDE519E9205D00CFA58A /* Frameworks */,
				193FFDE619E9205D00CFA58A /* Resources */,
			);
			buildRules = (
			);
			dependencies = (
				193FFDEE19E9205D00CFA58A /* PBXTargetDependency */,
			);
			name = gitAppSubmitTests;
			productName = gitAppSubmitTests;
			productReference = 193FFDE819E9205D00CFA58A /* gitAppSubmitTests.xctest */;
			productType = "com.apple.product-type.bundle.unit-test";
		};
/* End PBXNativeTarget section */

/* Begin PBXProject section */
		193FFDBF19E9205D00CFA58A /* Project object */ = {
			isa = PBXProject;
			attributes = {
				LastUpgradeCheck = 0510;
				ORGANIZATIONNAME = sdzy;
				TargetAttributes = {
					193FFDE719E9205D00CFA58A = {
						TestTargetID = 193FFDC619E9205D00CFA58A;
					};
				};
			};
			buildConfigurationList = 193FFDC219E9205D00CFA58A /* Build configuration list for PBXProject "gitAppSubmit" */;
			compatibilityVersion = "Xcode 3.2";
			developmentRegion = English;
			hasScannedForEncodings = 0;
			knownRegions = (
				en,
				Base,
			);
			mainGroup = 193FFDBE19E9205D00CFA58A;
			productRefGroup = 193FFDC819E9205D00CFA58A /* Products */;
			projectDirPath = "";
			projectRoot = "";
			targets = (
				193FFDC619E9205D00CFA58A /* gitAppSubmit */,
				193FFDE719E9205D00CFA58A /* gitAppSubmitTests */,
			);
		};
/* End PBXProject section */

/* Begin PBXResourcesBuildPhase section */
		193FFDC519E9205D00CFA58A /* Resources */ = {
			isa = PBXResourcesBuildPhase;
			buildActionMask = 2147483647;
			files = (
				193FFDE319E9205D00CFA58A /* Images.xcassets in Resources */,
				193FFDD519E9205D00CFA58A /* InfoPlist.strings in Resources */,
				193FFDDE19E9205D00CFA58A /* Main.storyboard in Resources */,
			);
			runOnlyForDeploymentPostprocessing = 0;
		};
		193FFDE619E9205D00CFA58A /* Resources */ = {
			isa = PBXResourcesBuildPhase;
			buildActionMask = 2147483647;
			files = (
				193FFDF419E9205E00CFA58A /* InfoPlist.strings in Resources */,
			);
			runOnlyForDeploymentPostprocessing = 0;
		};
/* End PBXResourcesBuildPhase section */

/* Begin PBXSourcesBuildPhase section */
		193FFDC319E9205D00CFA58A /* Sources */ = {
			isa = PBXSourcesBuildPhase;
			buildActionMask = 2147483647;
			files = (
				193FFDE119E9205D00CFA58A /* ViewController.m in Sources */,
				193FFDDB19E9205D00CFA58A /* AppDelegate.m in Sources */,
				193FFDD719E9205D00CFA58A /* main.m in Sources */,
			);
			runOnlyForDeploymentPostprocessing = 0;
		};
		193FFDE419E9205D00CFA58A /* Sources */ = {
			isa = PBXSourcesBuildPhase;
			buildActionMask = 2147483647;
			files = (
				193FFDF619E9205E00CFA58A /* gitAppSubmitTests.m in Sources */,
			);
			runOnlyForDeploymentPostprocessing = 0;
		};
/* End PBXSourcesBuildPhase section */

/* Begin PBXTargetDependency section */
		193FFDEE19E9205D00CFA58A /* PBXTargetDependency */ = {
			isa = PBXTargetDependency;
			target = 193FFDC619E9205D00CFA58A /* gitAppSubmit */;
			targetProxy = 193FFDED19E9205D00CFA58A /* PBXContainerItemProxy */;
		};
/* End PBXTargetDependency section */

/* Begin PBXVariantGroup section */
		193FFDD319E9205D00CFA58A /* InfoPlist.strings */ = {
			isa = PBXVariantGroup;
			children = (
				193FFDD419E9205D00CFA58A /* en */,
			);
			name = InfoPlist.strings;
			sourceTree = "<group>";
		};
		193FFDDC19E9205D00CFA58A /* Main.storyboard */ = {
			isa = PBXVariantGroup;
			children = (
				193FFDDD19E9205D00CFA58A /* Base */,
			);
			name = Main.storyboard;
			sourceTree = "<group>";
		};
		193FFDF219E9205E00CFA58A /* InfoPlist.strings */ = {
			isa = PBXVariantGroup;
			children = (
				193FFDF319E9205E00CFA58A /* en */,
			);
			name = InfoPlist.strings;
			sourceTree = "<group>";
		};
/* End PBXVariantGroup section */

/* Begin XCBuildConfiguration section */
		193FFDF719E9205E00CFA58A /* Debug */ = {
			isa = XCBuildConfiguration;
			buildSettings = {
				ALWAYS_SEARCH_USER_PATHS = NO;
				CLANG_CXX_LANGUAGE_STANDARD = "gnu++0x";
				CLANG_CXX_LIBRARY = "libc++";
				CLANG_ENABLE_MODULES = YES;
				CLANG_ENABLE_OBJC_ARC = YES;
				CLANG_WARN_BOOL_CONVERSION = YES;
				CLANG_WARN_CONSTANT_CONVERSION = YES;
				CLANG_WARN_DIRECT_OBJC_ISA_USAGE = YES_ERROR;
				CLANG_WARN_EMPTY_BODY = YES;
				CLANG_WARN_ENUM_CONVERSION = YES;
				CLANG_WARN_INT_CONVERSION = YES;
				CLANG_WARN_OBJC_ROOT_CLASS = YES_ERROR;
				CLANG_WARN__DUPLICATE_METHOD_MATCH = YES;
				"CODE_SIGN_IDENTITY[sdk=iphoneos*]" = "iPhone Developer";
				COPY_PHASE_STRIP = NO;
				GCC_C_LANGUAGE_STANDARD = gnu99;
				GCC_DYNAMIC_NO_PIC = NO;
				GCC_OPTIMIZATION_LEVEL = 0;
				GCC_PREPROCESSOR_DEFINITIONS = (
					"DEBUG=1",
					"$(inherited)",
				);
				GCC_SYMBOLS_PRIVATE_EXTERN = NO;
				GCC_WARN_64_TO_32_BIT_CONVERSION = YES;
				GCC_WARN_ABOUT_RETURN_TYPE = YES_ERROR;
				GCC_WARN_UNDECLARED_SELECTOR = YES;
				GCC_WARN_UNINITIALIZED_AUTOS = YES_AGGRESSIVE;
				GCC_WARN_UNUSED_FUNCTION = YES;
				GCC_WARN_UNUSED_VARIABLE = YES;
				IPHONEOS_DEPLOYMENT_TARGET = 7.1;
				ONLY_ACTIVE_ARCH = YES;
				SDKROOT = iphoneos;
			};
			name = Debug;
		};
		193FFDF819E9205E00CFA58A /* Release */ = {
			isa = XCBuildConfiguration;
			buildSettings = {
				ALWAYS_SEARCH_USER_PATHS = NO;
				CLANG_CXX_LANGUAGE_STANDARD = "gnu++0x";
				CLANG_CXX_LIBRARY = "libc++";
				CLANG_ENABLE_MODULES = YES;
				CLANG_ENABLE_OBJC_ARC = YES;
				CLANG_WARN_BOOL_CONVERSION = YES;
				CLANG_WARN_CONSTANT_CONVERSION = YES;
				CLANG_WARN_DIRECT_OBJC_ISA_USAGE = YES_ERROR;
				CLANG_WARN_EMPTY_BODY = YES;
				CLANG_WARN_ENUM_CONVERSION = YES;
				CLANG_WARN_INT_CONVERSION = YES;
				CLANG_WARN_OBJC_ROOT_CLASS = YES_ERROR;
				CLANG_WARN__DUPLICATE_METHOD_MATCH = YES;
				"CODE_SIGN_IDENTITY[sdk=iphoneos*]" = "iPhone Developer";
				COPY_PHASE_STRIP = YES;
				ENABLE_NS_ASSERTIONS = NO;
				GCC_C_LANGUAGE_STANDARD = gnu99;
				GCC_WARN_64_TO_32_BIT_CONVERSION = YES;
				GCC_WARN_ABOUT_RETURN_TYPE = YES_ERROR;
				GCC_WARN_UNDECLARED_SELECTOR = YES;
				GCC_WARN_UNINITIALIZED_AUTOS = YES_AGGRESSIVE;
				GCC_WARN_UNUSED_FUNCTION = YES;
				GCC_WARN_UNUSED_VARIABLE = YES;
				IPHONEOS_DEPLOYMENT_TARGET = 7.1;
				SDKROOT = iphoneos;
				VALIDATE_PRODUCT = YES;
			};
			name = Release;
		};
		193FFDFA19E9205E00CFA58A /* Debug */ = {
			isa = XCBuildConfiguration;
			buildSettings = {
				ASSETCATALOG_COMPILER_APPICON_NAME = AppIcon;
				ASSETCATALOG_COMPILER_LAUNCHIMAGE_NAME = LaunchImage;
				GCC_PRECOMPILE_PREFIX_HEADER = YES;
				GCC_PREFIX_HEADER = "gitAppSubmit/gitAppSubmit-Prefix.pch";
				INFOPLIST_FILE = "gitAppSubmit/gitAppSubmit-Info.plist";
				PRODUCT_NAME = "$(TARGET_NAME)";
				WRAPPER_EXTENSION = app;
			};
			name = Debug;
		};
		193FFDFB19E9205E00CFA58A /* Release */ = {
			isa = XCBuildConfiguration;
			buildSettings = {
				ASSETCATALOG_COMPILER_APPICON_NAME = AppIcon;
				ASSETCATALOG_COMPILER_LAUNCHIMAGE_NAME = LaunchImage;
				GCC_PRECOMPILE_PREFIX_HEADER = YES;
				GCC_PREFIX_HEADER = "gitAppSubmit/gitAppSubmit-Prefix.pch";
				INFOPLIST_FILE = "gitAppSubmit/gitAppSubmit-Info.plist";
				PRODUCT_NAME = "$(TARGET_NAME)";
				WRAPPER_EXTENSION = app;
			};
			name = Release;
		};
		193FFDFD19E9205E00CFA58A /* Debug */ = {
			isa = XCBuildConfiguration;
			buildSettings = {
				BUNDLE_LOADER = "$(BUILT_PRODUCTS_DIR)/gitAppSubmit.app/gitAppSubmit";
				FRAMEWORK_SEARCH_PATHS = (
					"$(SDKROOT)/Developer/Library/Frameworks",
					"$(inherited)",
					"$(DEVELOPER_FRAMEWORKS_DIR)",
				);
				GCC_PRECOMPILE_PREFIX_HEADER = YES;
				GCC_PREFIX_HEADER = "gitAppSubmit/gitAppSubmit-Prefix.pch";
				GCC_PREPROCESSOR_DEFINITIONS = (
					"DEBUG=1",
					"$(inherited)",
				);
				INFOPLIST_FILE = "gitAppSubmitTests/gitAppSubmitTests-Info.plist";
				PRODUCT_NAME = "$(TARGET_NAME)";
				TEST_HOST = "$(BUNDLE_LOADER)";
				WRAPPER_EXTENSION = xctest;
			};
			name = Debug;
		};
		193FFDFE19E9205E00CFA58A /* Release */ = {
			isa = XCBuildConfiguration;
			buildSettings = {
				BUNDLE_LOADER = "$(BUILT_PRODUCTS_DIR)/gitAppSubmit.app/gitAppSubmit";
				FRAMEWORK_SEARCH_PATHS = (
					"$(SDKROOT)/Developer/Library/Frameworks",
					"$(inherited)",
					"$(DEVELOPER_FRAMEWORKS_DIR)",
				);
				GCC_PRECOMPILE_PREFIX_HEADER = YES;
				GCC_PREFIX_HEADER = "gitAppSubmit/gitAppSubmit-Prefix.pch";
				INFOPLIST_FILE = "gitAppSubmitTests/gitAppSubmitTests-Info.plist";
				PRODUCT_NAME = "$(TARGET_NAME)";
				TEST_HOST = "$(BUNDLE_LOADER)";
				WRAPPER_EXTENSION = xctest;
			};
			name = Release;
		};
/* End XCBuildConfiguration section */

/* Begin XCConfigurationList section */
		193FFDC219E9205D00CFA58A /* Build configuration list for PBXProject "gitAppSubmit" */ = {
			isa = XCConfigurationList;
			buildConfigurations = (
				193FFDF719E9205E00CFA58A /* Debug */,
				193FFDF819E9205E00CFA58A /* Release */,
			);
			defaultConfigurationIsVisible = 0;
			defaultConfigurationName = Release;
		};
		193FFDF919E9205E00CFA58A /* Build configuration list for PBXNativeTarget "gitAppSubmit" */ = {
			isa = XCConfigurationList;
			buildConfigurations = (
				193FFDFA19E9205E00CFA58A /* Debug */,
				193FFDFB19E9205E00CFA58A /* Release */,
			);
			defaultConfigurationIsVisible = 0;
		};
		193FFDFC19E9205E00CFA58A /* Build configuration list for PBXNativeTarget "gitAppSubmitTests" */ = {
			isa = XCConfigurationList;
			buildConfigurations = (
				193FFDFD19E9205E00CFA58A /* Debug */,
				193FFDFE19E9205E00CFA58A /* Release */,
			);
			defaultConfigurationIsVisible = 0;
		};
/* End XCConfigurationList section */
	};
	rootObject = 193FFDBF19E9205D00CFA58A /* Project object */;
}
